
Microsoft Visual Studio Solution File, Format Version 12.00
# Visual Studio Version 17
VisualStudioVersion = 17.0.31903.59
MinimumVisualStudioVersion = 10.0.40219.1
Project("{FAE04EC0-301F-11D3-BF4B-00C04F79EFBC}") = "LambdaExpressions", "C# 3.0\LambdaExpressions\LambdaExpressions.csproj", "{B0E5117E-00E9-48A0-8A72-C24ACEF4BA60}"
EndProject
Project("{FAE04EC0-301F-11D3-BF4B-00C04F79EFBC}") = "ExtensionMethods", "C# 3.0\ExtensionMethods\ExtensionMethods.csproj", "{C57D19B7-E705-4A9B-858D-F84C9BF07C7C}"
EndProject
Project("{FAE04EC0-301F-11D3-BF4B-00C04F79EFBC}") = "ImplicitlyTypedLocalVariables", "C# 3.0\ImplicitlyTypedLocalVariables\ImplicitlyTypedLocalVariables.csproj", "{D8F4C00B-A631-4F62-8877-DA6649232FA0}"
EndProject
Project("{2150E333-8FDC-42A3-9474-1A3956D46DE8}") = "C# 3.0", "C# 3.0", "{551840D6-90B9-47F1-AB7F-CAED48D8ED5B}"
EndProject
Project("{FAE04EC0-301F-11D3-BF4B-00C04F79EFBC}") = "QueryComprehensions", "C# 3.0\QueryComprehensions\QueryComprehensions.csproj", "{B360CAE3-B952-47F7-9376-73F320D7CE24}"
EndProject
Project("{FAE04EC0-301F-11D3-BF4B-00C04F79EFBC}") = "AnonymousTypes", "C# 3.0\AnonymousTypes\AnonymousTypes.csproj", "{8583CD90-64FB-4C7B-BCE9-6D5A83FFFD9F}"
EndProject
Project("{FAE04EC0-301F-11D3-BF4B-00C04F79EFBC}") = "ImplicitlyTypedArrays", "C# 3.0\ImplicitlyTypedArrays\ImplicitlyTypedArrays.csproj", "{1E61E311-1C47-400F-956E-0BE12691A158}"
EndProject
Project("{FAE04EC0-301F-11D3-BF4B-00C04F79EFBC}") = "ObjectIinitializers", "C# 3.0\ObjectIinitializers\ObjectIinitializers.csproj", "{A3785AD0-CF44-4459-B723-F4A02BC92CBE}"
EndProject
Project("{2150E333-8FDC-42A3-9474-1A3956D46DE8}") = "C# 6.0", "C# 6.0", "{5D1CDEB6-80A3-4A6B-B0F4-101A81DE9873}"
EndProject
Project("{FAE04EC0-301F-11D3-BF4B-00C04F79EFBC}") = "ExpressionBodiedFunctions", "C# 6.0\ExpressionBodiedFunctions\ExpressionBodiedFunctions.csproj", "{81217102-04CB-47D3-866B-806449E585FF}"
EndProject
Project("{FAE04EC0-301F-11D3-BF4B-00C04F79EFBC}") = "IndexInitializers", "C# 6.0\IndexInitializers\IndexInitializers.csproj", "{05A81F23-5013-4AF9-9C2B-DB041DBD5913}"
EndProject
Project("{2150E333-8FDC-42A3-9474-1A3956D46DE8}") = "C# 8.0", "C# 8.0", "{24DA706C-2872-416D-AE95-D9FAF4CF03C6}"
EndProject
Project("{FAE04EC0-301F-11D3-BF4B-00C04F79EFBC}") = "Indexes", "C# 8.0\Indexes\Indexes.csproj", "{5AF20841-C323-46B1-95E3-7683F36A0ECC}"
EndProject
Project("{FAE04EC0-301F-11D3-BF4B-00C04F79EFBC}") = "StaticLocalMethods", "C# 8.0\StaticLocalMethods\StaticLocalMethods.csproj", "{BC1F2B98-BC89-4E90-8C6C-56AB0EFE010A}"
EndProject
Global
	GlobalSection(SolutionConfigurationPlatforms) = preSolution
		Debug|Any CPU = Debug|Any CPU
		Release|Any CPU = Release|Any CPU
	EndGlobalSection
	GlobalSection(SolutionProperties) = preSolution
		HideSolutionNode = FALSE
	EndGlobalSection
	GlobalSection(ProjectConfigurationPlatforms) = postSolution
		{B0E5117E-00E9-48A0-8A72-C24ACEF4BA60}.Debug|Any CPU.ActiveCfg = Debug|Any CPU
		{B0E5117E-00E9-48A0-8A72-C24ACEF4BA60}.Debug|Any CPU.Build.0 = Debug|Any CPU
		{B0E5117E-00E9-48A0-8A72-C24ACEF4BA60}.Release|Any CPU.ActiveCfg = Release|Any CPU
		{B0E5117E-00E9-48A0-8A72-C24ACEF4BA60}.Release|Any CPU.Build.0 = Release|Any CPU
		{C57D19B7-E705-4A9B-858D-F84C9BF07C7C}.Debug|Any CPU.ActiveCfg = Debug|Any CPU
		{C57D19B7-E705-4A9B-858D-F84C9BF07C7C}.Debug|Any CPU.Build.0 = Debug|Any CPU
		{C57D19B7-E705-4A9B-858D-F84C9BF07C7C}.Release|Any CPU.ActiveCfg = Release|Any CPU
		{C57D19B7-E705-4A9B-858D-F84C9BF07C7C}.Release|Any CPU.Build.0 = Release|Any CPU
		{D8F4C00B-A631-4F62-8877-DA6649232FA0}.Debug|Any CPU.ActiveCfg = Debug|Any CPU
		{D8F4C00B-A631-4F62-8877-DA6649232FA0}.Debug|Any CPU.Build.0 = Debug|Any CPU
		{D8F4C00B-A631-4F62-8877-DA6649232FA0}.Release|Any CPU.ActiveCfg = Release|Any CPU
		{D8F4C00B-A631-4F62-8877-DA6649232FA0}.Release|Any CPU.Build.0 = Release|Any CPU
		{B360CAE3-B952-47F7-9376-73F320D7CE24}.Debug|Any CPU.ActiveCfg = Debug|Any CPU
		{B360CAE3-B952-47F7-9376-73F320D7CE24}.Debug|Any CPU.Build.0 = Debug|Any CPU
		{B360CAE3-B952-47F7-9376-73F320D7CE24}.Release|Any CPU.ActiveCfg = Release|Any CPU
		{B360CAE3-B952-47F7-9376-73F320D7CE24}.Release|Any CPU.Build.0 = Release|Any CPU
		{8583CD90-64FB-4C7B-BCE9-6D5A83FFFD9F}.Debug|Any CPU.ActiveCfg = Debug|Any CPU
		{8583CD90-64FB-4C7B-BCE9-6D5A83FFFD9F}.Debug|Any CPU.Build.0 = Debug|Any CPU
		{8583CD90-64FB-4C7B-BCE9-6D5A83FFFD9F}.Release|Any CPU.ActiveCfg = Release|Any CPU
		{8583CD90-64FB-4C7B-BCE9-6D5A83FFFD9F}.Release|Any CPU.Build.0 = Release|Any CPU
		{1E61E311-1C47-400F-956E-0BE12691A158}.Debug|Any CPU.ActiveCfg = Debug|Any CPU
		{1E61E311-1C47-400F-956E-0BE12691A158}.Debug|Any CPU.Build.0 = Debug|Any CPU
		{1E61E311-1C47-400F-956E-0BE12691A158}.Release|Any CPU.ActiveCfg = Release|Any CPU
		{1E61E311-1C47-400F-956E-0BE12691A158}.Release|Any CPU.Build.0 = Release|Any CPU
		{A3785AD0-CF44-4459-B723-F4A02BC92CBE}.Debug|Any CPU.ActiveCfg = Debug|Any CPU
		{A3785AD0-CF44-4459-B723-F4A02BC92CBE}.Debug|Any CPU.Build.0 = Debug|Any CPU
		{A3785AD0-CF44-4459-B723-F4A02BC92CBE}.Release|Any CPU.ActiveCfg = Release|Any CPU
		{A3785AD0-CF44-4459-B723-F4A02BC92CBE}.Release|Any CPU.Build.0 = Release|Any CPU
		{81217102-04CB-47D3-866B-806449E585FF}.Debug|Any CPU.ActiveCfg = Debug|Any CPU
		{81217102-04CB-47D3-866B-806449E585FF}.Debug|Any CPU.Build.0 = Debug|Any CPU
		{81217102-04CB-47D3-866B-806449E585FF}.Release|Any CPU.ActiveCfg = Release|Any CPU
		{81217102-04CB-47D3-866B-806449E585FF}.Release|Any CPU.Build.0 = Release|Any CPU
		{05A81F23-5013-4AF9-9C2B-DB041DBD5913}.Debug|Any CPU.ActiveCfg = Debug|Any CPU
		{05A81F23-5013-4AF9-9C2B-DB041DBD5913}.Debug|Any CPU.Build.0 = Debug|Any CPU
		{05A81F23-5013-4AF9-9C2B-DB041DBD5913}.Release|Any CPU.ActiveCfg = Release|Any CPU
		{05A81F23-5013-4AF9-9C2B-DB041DBD5913}.Release|Any CPU.Build.0 = Release|Any CPU
		{5AF20841-C323-46B1-95E3-7683F36A0ECC}.Debug|Any CPU.ActiveCfg = Debug|Any CPU
		{5AF20841-C323-46B1-95E3-7683F36A0ECC}.Debug|Any CPU.Build.0 = Debug|Any CPU
		{5AF20841-C323-46B1-95E3-7683F36A0ECC}.Release|Any CPU.ActiveCfg = Release|Any CPU
		{5AF20841-C323-46B1-95E3-7683F36A0ECC}.Release|Any CPU.Build.0 = Release|Any CPU
		{BC1F2B98-BC89-4E90-8C6C-56AB0EFE010A}.Debug|Any CPU.ActiveCfg = Debug|Any CPU
		{BC1F2B98-BC89-4E90-8C6C-56AB0EFE010A}.Debug|Any CPU.Build.0 = Debug|Any CPU
		{BC1F2B98-BC89-4E90-8C6C-56AB0EFE010A}.Release|Any CPU.ActiveCfg = Release|Any CPU
		{BC1F2B98-BC89-4E90-8C6C-56AB0EFE010A}.Release|Any CPU.Build.0 = Release|Any CPU
	EndGlobalSection
	GlobalSection(NestedProjects) = preSolution
		{B360CAE3-B952-47F7-9376-73F320D7CE24} = {551840D6-90B9-47F1-AB7F-CAED48D8ED5B}
		{8583CD90-64FB-4C7B-BCE9-6D5A83FFFD9F} = {551840D6-90B9-47F1-AB7F-CAED48D8ED5B}
		{1E61E311-1C47-400F-956E-0BE12691A158} = {551840D6-90B9-47F1-AB7F-CAED48D8ED5B}
		{A3785AD0-CF44-4459-B723-F4A02BC92CBE} = {551840D6-90B9-47F1-AB7F-CAED48D8ED5B}
		{81217102-04CB-47D3-866B-806449E585FF} = {5D1CDEB6-80A3-4A6B-B0F4-101A81DE9873}
		{05A81F23-5013-4AF9-9C2B-DB041DBD5913} = {5D1CDEB6-80A3-4A6B-B0F4-101A81DE9873}
		{5AF20841-C323-46B1-95E3-7683F36A0ECC} = {24DA706C-2872-416D-AE95-D9FAF4CF03C6}
		{BC1F2B98-BC89-4E90-8C6C-56AB0EFE010A} = {24DA706C-2872-416D-AE95-D9FAF4CF03C6}
	EndGlobalSection
EndGlobal
